
Microsoft Visual Studio Solution File, Format Version 12.00
# Visual Studio Version 17
VisualStudioVersion = 17.0.31903.59
MinimumVisualStudioVersion = 10.0.40219.1
Project("{FAE04EC0-301F-11D3-BF4B-00C04F79EFBC}") = "FimwiApi.Web", "FimwiApi.Web\FimwiApi.Web.csproj", "{A47C9321-8A66-4C58-BE8A-21E80D3A1DF4}"
EndProject
Project("{FAE04EC0-301F-11D3-BF4B-00C04F79EFBC}") = "FimwiApi.Core", "FimwiApi.Core\FimwiApi.Core.csproj", "{D4F96784-16C0-4021-B7C9-198B3B8335F8}"
EndProject
Project("{FAE04EC0-301F-11D3-BF4B-00C04F79EFBC}") = "FimwiApi.Application", "FimwiApi.Application\FimwiApi.Application.csproj", "{3F206E42-67FE-4167-B463-05A3309E75D0}"
EndProject
Project("{FAE04EC0-301F-11D3-BF4B-00C04F79EFBC}") = "FimwiApi.Infrastructure", "FimwiApi.Infrastructure\FimwiApi.Infrastructure.csproj", "{C323CD98-37BB-49D8-9DF0-F3223239B6F0}"
EndProject
Global
	GlobalSection(SolutionConfigurationPlatforms) = preSolution
		Debug|Any CPU = Debug|Any CPU
		Release|Any CPU = Release|Any CPU
	EndGlobalSection
	GlobalSection(SolutionProperties) = preSolution
		HideSolutionNode = FALSE
	EndGlobalSection
	GlobalSection(ProjectConfigurationPlatforms) = postSolution
		{A47C9321-8A66-4C58-BE8A-21E80D3A1DF4}.Debug|Any CPU.ActiveCfg = Debug|Any CPU
		{A47C9321-8A66-4C58-BE8A-21E80D3A1DF4}.Debug|Any CPU.Build.0 = Debug|Any CPU
		{A47C9321-8A66-4C58-BE8A-21E80D3A1DF4}.Release|Any CPU.ActiveCfg = Release|Any CPU
		{A47C9321-8A66-4C58-BE8A-21E80D3A1DF4}.Release|Any CPU.Build.0 = Release|Any CPU
		{D4F96784-16C0-4021-B7C9-198B3B8335F8}.Debug|Any CPU.ActiveCfg = Debug|Any CPU
		{D4F96784-16C0-4021-B7C9-198B3B8335F8}.Debug|Any CPU.Build.0 = Debug|Any CPU
		{D4F96784-16C0-4021-B7C9-198B3B8335F8}.Release|Any CPU.ActiveCfg = Release|Any CPU
		{D4F96784-16C0-4021-B7C9-198B3B8335F8}.Release|Any CPU.Build.0 = Release|Any CPU
		{3F206E42-67FE-4167-B463-05A3309E75D0}.Debug|Any CPU.ActiveCfg = Debug|Any CPU
		{3F206E42-67FE-4167-B463-05A3309E75D0}.Debug|Any CPU.Build.0 = Debug|Any CPU
		{3F206E42-67FE-4167-B463-05A3309E75D0}.Release|Any CPU.ActiveCfg = Release|Any CPU
		{3F206E42-67FE-4167-B463-05A3309E75D0}.Release|Any CPU.Build.0 = Release|Any CPU
		{C323CD98-37BB-49D8-9DF0-F3223239B6F0}.Debug|Any CPU.ActiveCfg = Debug|Any CPU
		{C323CD98-37BB-49D8-9DF0-F3223239B6F0}.Debug|Any CPU.Build.0 = Debug|Any CPU
		{C323CD98-37BB-49D8-9DF0-F3223239B6F0}.Release|Any CPU.ActiveCfg = Release|Any CPU
		{C323CD98-37BB-49D8-9DF0-F3223239B6F0}.Release|Any CPU.Build.0 = Release|Any CPU
	EndGlobalSection
EndGlobal
